
Microsoft Visual Studio Solution File, Format Version 12.00
# Visual Studio 15
Project("{FAE04EC0-301F-11D3-BF4B-00C04F79EFBC}") = "Assembly-CSharp", "Assembly-CSharp.csproj", "{87D2EA0F-9EFC-3471-3A32-B060878D9196}"
EndProject
Project("{FAE04EC0-301F-11D3-BF4B-00C04F79EFBC}") = "ThunkMonkey.FluidMidi.Runtime", "ThunkMonkey.FluidMidi.Runtime.csproj", "{8209872D-2F47-F7DB-1CBF-916772879567}"
EndProject
Project("{FAE04EC0-301F-11D3-BF4B-00C04F79EFBC}") = "ThunkMonkey.FluidMidi.Editor", "ThunkMonkey.FluidMidi.Editor.csproj", "{AC8AB4FB-A5DA-8D04-45FD-510BBBC626DC}"
EndProject
Global
	GlobalSection(SolutionConfigurationPlatforms) = preSolution
		Debug|Any CPU = Debug|Any CPU
		Release|Any CPU = Release|Any CPU
	EndGlobalSection
	GlobalSection(ProjectConfigurationPlatforms) = postSolution
		{87D2EA0F-9EFC-3471-3A32-B060878D9196}.Debug|Any CPU.ActiveCfg = Debug|Any CPU
		{87D2EA0F-9EFC-3471-3A32-B060878D9196}.Debug|Any CPU.Build.0 = Debug|Any CPU
		{87D2EA0F-9EFC-3471-3A32-B060878D9196}.Release|Any CPU.ActiveCfg = Release|Any CPU
		{87D2EA0F-9EFC-3471-3A32-B060878D9196}.Release|Any CPU.Build.0 = Release|Any CPU
		{8209872D-2F47-F7DB-1CBF-916772879567}.Debug|Any CPU.ActiveCfg = Debug|Any CPU
		{8209872D-2F47-F7DB-1CBF-916772879567}.Debug|Any CPU.Build.0 = Debug|Any CPU
		{8209872D-2F47-F7DB-1CBF-916772879567}.Release|Any CPU.ActiveCfg = Release|Any CPU
		{8209872D-2F47-F7DB-1CBF-916772879567}.Release|Any CPU.Build.0 = Release|Any CPU
		{AC8AB4FB-A5DA-8D04-45FD-510BBBC626DC}.Debug|Any CPU.ActiveCfg = Debug|Any CPU
		{AC8AB4FB-A5DA-8D04-45FD-510BBBC626DC}.Debug|Any CPU.Build.0 = Debug|Any CPU
		{AC8AB4FB-A5DA-8D04-45FD-510BBBC626DC}.Release|Any CPU.ActiveCfg = Release|Any CPU
		{AC8AB4FB-A5DA-8D04-45FD-510BBBC626DC}.Release|Any CPU.Build.0 = Release|Any CPU
	EndGlobalSection
	GlobalSection(SolutionProperties) = preSolution
		HideSolutionNode = FALSE
	EndGlobalSection
EndGlobal
