
Microsoft Visual Studio Solution File, Format Version 12.00
# Visual Studio 15
Project("{FAE04EC0-301F-11D3-BF4B-00C04F79EFBC}") = "Assembly-CSharp", "Assembly-CSharp.csproj", "{EF034DC1-485F-DDE1-E65B-3E776B88918A}"
EndProject
Project("{FAE04EC0-301F-11D3-BF4B-00C04F79EFBC}") = "ThunkMonkey.FluidMidi.Runtime", "ThunkMonkey.FluidMidi.Runtime.csproj", "{A7258DDE-6C22-79D1-F4A3-C1D22B5981CA}"
EndProject
Project("{FAE04EC0-301F-11D3-BF4B-00C04F79EFBC}") = "ThunkMonkey.FluidMidi.Editor", "ThunkMonkey.FluidMidi.Editor.csproj", "{773C7803-D6C4-4183-D50F-9863A9A7E760}"
EndProject
Global
	GlobalSection(SolutionConfigurationPlatforms) = preSolution
		Debug|Any CPU = Debug|Any CPU
		Release|Any CPU = Release|Any CPU
	EndGlobalSection
	GlobalSection(ProjectConfigurationPlatforms) = postSolution
		{EF034DC1-485F-DDE1-E65B-3E776B88918A}.Debug|Any CPU.ActiveCfg = Debug|Any CPU
		{EF034DC1-485F-DDE1-E65B-3E776B88918A}.Debug|Any CPU.Build.0 = Debug|Any CPU
		{EF034DC1-485F-DDE1-E65B-3E776B88918A}.Release|Any CPU.ActiveCfg = Release|Any CPU
		{EF034DC1-485F-DDE1-E65B-3E776B88918A}.Release|Any CPU.Build.0 = Release|Any CPU
		{A7258DDE-6C22-79D1-F4A3-C1D22B5981CA}.Debug|Any CPU.ActiveCfg = Debug|Any CPU
		{A7258DDE-6C22-79D1-F4A3-C1D22B5981CA}.Debug|Any CPU.Build.0 = Debug|Any CPU
		{A7258DDE-6C22-79D1-F4A3-C1D22B5981CA}.Release|Any CPU.ActiveCfg = Release|Any CPU
		{A7258DDE-6C22-79D1-F4A3-C1D22B5981CA}.Release|Any CPU.Build.0 = Release|Any CPU
		{773C7803-D6C4-4183-D50F-9863A9A7E760}.Debug|Any CPU.ActiveCfg = Debug|Any CPU
		{773C7803-D6C4-4183-D50F-9863A9A7E760}.Debug|Any CPU.Build.0 = Debug|Any CPU
		{773C7803-D6C4-4183-D50F-9863A9A7E760}.Release|Any CPU.ActiveCfg = Release|Any CPU
		{773C7803-D6C4-4183-D50F-9863A9A7E760}.Release|Any CPU.Build.0 = Release|Any CPU
	EndGlobalSection
	GlobalSection(SolutionProperties) = preSolution
		HideSolutionNode = FALSE
	EndGlobalSection
EndGlobal
